
Microsoft Visual Studio Solution File, Format Version 12.00
Project("{FAE04EC0-301F-11D3-BF4B-00C04F79EFBC}") = "AssetManager", "AssetManager.csproj", "{84BD1D2E-DA62-4C69-836F-86DB84089568}"
EndProject
Global
	GlobalSection(SolutionConfigurationPlatforms) = preSolution
		Debug|Any CPU = Debug|Any CPU
		Release|Any CPU = Release|Any CPU
	EndGlobalSection
	GlobalSection(ProjectConfigurationPlatforms) = postSolution
		{84BD1D2E-DA62-4C69-836F-86DB84089568}.Debug|Any CPU.ActiveCfg = Debug|Any CPU
		{84BD1D2E-DA62-4C69-836F-86DB84089568}.Debug|Any CPU.Build.0 = Debug|Any CPU
		{84BD1D2E-DA62-4C69-836F-86DB84089568}.Release|Any CPU.ActiveCfg = Release|Any CPU
		{84BD1D2E-DA62-4C69-836F-86DB84089568}.Release|Any CPU.Build.0 = Release|Any CPU
	EndGlobalSection
EndGlobal
